// !$*UTF8*$!
{
	archiveVersion = 1;
	classes = {
	};
	objectVersion = 51;
	objects = {

/* Begin PBXBuildFile section */
		D3619D3F1EF587AA02418D91 /* Pods_NHFire.framework in Frameworks */ = {isa = PBXBuildFile; fileRef = E6EFACCE99229E7D37C5D027 /* Pods_NHFire.framework */; };
		ED3F815224B58F23003DAE8E /* libIos.a in Frameworks */ = {isa = PBXBuildFile; fileRef = ED3F815124B58F1A003DAE8E /* libIos.a */; };
		ED3F815324B58F2E003DAE8E /* libcryptopp.a in Frameworks */ = {isa = PBXBuildFile; fileRef = ED3F814F24B58F1A003DAE8E /* libcryptopp.a */; };
		ED3F815424B58F35003DAE8E /* libc++.1.dylib in Frameworks */ = {isa = PBXBuildFile; fileRef = ED3F815024B58F1A003DAE8E /* libc++.1.dylib */; };
		ED3F815524B58F35003DAE8E /* libc++.1.dylib in Embed Libraries */ = {isa = PBXBuildFile; fileRef = ED3F815024B58F1A003DAE8E /* libc++.1.dylib */; settings = {ATTRIBUTES = (CodeSignOnCopy, ); }; };
		ED3F815F24B5B78E003DAE8E /* iRukey in Resources */ = {isa = PBXBuildFile; fileRef = ED3F815E24B5B78E003DAE8E /* iRukey */; };
		ED3F816124B5B796003DAE8E /* mVaccine in Resources */ = {isa = PBXBuildFile; fileRef = ED3F816024B5B796003DAE8E /* mVaccine */; };
		ED3F816324B5B802003DAE8E /* libmVaccine.a in Frameworks */ = {isa = PBXBuildFile; fileRef = ED3F816224B5B7F4003DAE8E /* libmVaccine.a */; };
		EDB52CA724B6ADE700871B73 /* GoogleService-Info.plist in Resources */ = {isa = PBXBuildFile; fileRef = EDB52CA624B6ADE700871B73 /* GoogleService-Info.plist */; };
		EDB52CD224B6FD2900871B73 /* AlertListViewController.m in Sources */ = {isa = PBXBuildFile; fileRef = EDB52CD124B6FD2800871B73 /* AlertListViewController.m */; };
		EDFAC75824B2AA7E005C8426 /* AppDelegate.m in Sources */ = {isa = PBXBuildFile; fileRef = EDFAC75724B2AA7E005C8426 /* AppDelegate.m */; };
		EDFAC75B24B2AA7E005C8426 /* SceneDelegate.m in Sources */ = {isa = PBXBuildFile; fileRef = EDFAC75A24B2AA7E005C8426 /* SceneDelegate.m */; };
		EDFAC75E24B2AA7E005C8426 /* ViewController.m in Sources */ = {isa = PBXBuildFile; fileRef = EDFAC75D24B2AA7E005C8426 /* ViewController.m */; };
		EDFAC76124B2AA7E005C8426 /* Main.storyboard in Resources */ = {isa = PBXBuildFile; fileRef = EDFAC75F24B2AA7E005C8426 /* Main.storyboard */; };
		EDFAC76324B2AA7F005C8426 /* Assets.xcassets in Resources */ = {isa = PBXBuildFile; fileRef = EDFAC76224B2AA7F005C8426 /* Assets.xcassets */; };
		EDFAC76624B2AA7F005C8426 /* LaunchScreen.storyboard in Resources */ = {isa = PBXBuildFile; fileRef = EDFAC76424B2AA7F005C8426 /* LaunchScreen.storyboard */; };
		EDFAC76924B2AA7F005C8426 /* main.m in Sources */ = {isa = PBXBuildFile; fileRef = EDFAC76824B2AA7F005C8426 /* main.m */; };
		EDFAC77124B2AADB005C8426 /* WebKit.framework in Frameworks */ = {isa = PBXBuildFile; fileRef = EDFAC77024B2AADB005C8426 /* WebKit.framework */; };
		EDFAC7AC24B306FB005C8426 /* Document.m in Sources */ = {isa = PBXBuildFile; fileRef = EDFAC7AA24B306FB005C8426 /* Document.m */; };
		EDFAC7AD24B306FB005C8426 /* DocumentBrowserViewController.m in Sources */ = {isa = PBXBuildFile; fileRef = EDFAC7AB24B306FB005C8426 /* DocumentBrowserViewController.m */; };
/* End PBXBuildFile section */

/* Begin PBXCopyFilesBuildPhase section */
		ED3F815624B58F35003DAE8E /* Embed Libraries */ = {
			isa = PBXCopyFilesBuildPhase;
			buildActionMask = 2147483647;
			dstPath = "";
			dstSubfolderSpec = 10;
			files = (
				ED3F815524B58F35003DAE8E /* libc++.1.dylib in Embed Libraries */,
			);
			name = "Embed Libraries";
			runOnlyForDeploymentPostprocessing = 0;
		};
/* End PBXCopyFilesBuildPhase section */

/* Begin PBXFileReference section */
		108337F9AC3AAF17C4C7D7A4 /* Pods-NHFire.release.xcconfig */ = {isa = PBXFileReference; includeInIndex = 1; lastKnownFileType = text.xcconfig; name = "Pods-NHFire.release.xcconfig"; path = "Target Support Files/Pods-NHFire/Pods-NHFire.release.xcconfig"; sourceTree = "<group>"; };
		90ACDAE9862B22D496070E87 /* Pods-NHFire.debug.xcconfig */ = {isa = PBXFileReference; includeInIndex = 1; lastKnownFileType = text.xcconfig; name = "Pods-NHFire.debug.xcconfig"; path = "Target Support Files/Pods-NHFire/Pods-NHFire.debug.xcconfig"; sourceTree = "<group>"; };
		E6EFACCE99229E7D37C5D027 /* Pods_NHFire.framework */ = {isa = PBXFileReference; explicitFileType = wrapper.framework; includeInIndex = 0; path = Pods_NHFire.framework; sourceTree = BUILT_PRODUCTS_DIR; };
		ED3F814F24B58F1A003DAE8E /* libcryptopp.a */ = {isa = PBXFileReference; lastKnownFileType = archive.ar; name = libcryptopp.a; path = reference/libcryptopp.a; sourceTree = "<group>"; };
		ED3F815024B58F1A003DAE8E /* libc++.1.dylib */ = {isa = PBXFileReference; lastKnownFileType = "compiled.mach-o.dylib"; name = "libc++.1.dylib"; path = "../../../../../../usr/lib/libc++.1.dylib"; sourceTree = "<group>"; };
		ED3F815124B58F1A003DAE8E /* libIos.a */ = {isa = PBXFileReference; lastKnownFileType = archive.ar; name = libIos.a; path = reference/libIos.a; sourceTree = "<group>"; };
		ED3F815E24B5B78E003DAE8E /* iRukey */ = {isa = PBXFileReference; lastKnownFileType = folder; path = iRukey; sourceTree = "<group>"; };
		ED3F816024B5B796003DAE8E /* mVaccine */ = {isa = PBXFileReference; lastKnownFileType = folder; path = mVaccine; sourceTree = "<group>"; };
		ED3F816224B5B7F4003DAE8E /* libmVaccine.a */ = {isa = PBXFileReference; lastKnownFileType = archive.ar; name = libmVaccine.a; path = reference/libmVaccine.a; sourceTree = "<group>"; };
		EDB52CA524B6ADB000871B73 /* NHFire.entitlements */ = {isa = PBXFileReference; lastKnownFileType = text.plist.entitlements; path = NHFire.entitlements; sourceTree = "<group>"; };
		EDB52CA624B6ADE700871B73 /* GoogleService-Info.plist */ = {isa = PBXFileReference; lastKnownFileType = text.plist; path = "GoogleService-Info.plist"; sourceTree = SOURCE_ROOT; };
		EDB52CD024B6FD2800871B73 /* AlertListViewController.h */ = {isa = PBXFileReference; fileEncoding = 4; lastKnownFileType = sourcecode.c.h; path = AlertListViewController.h; sourceTree = "<group>"; };
		EDB52CD124B6FD2800871B73 /* AlertListViewController.m */ = {isa = PBXFileReference; fileEncoding = 4; lastKnownFileType = sourcecode.c.objc; path = AlertListViewController.m; sourceTree = "<group>"; };
		EDFAC75324B2AA7E005C8426 /* NHFireFcm.app */ = {isa = PBXFileReference; explicitFileType = wrapper.application; includeInIndex = 0; path = NHFireFcm.app; sourceTree = BUILT_PRODUCTS_DIR; };
		EDFAC75624B2AA7E005C8426 /* AppDelegate.h */ = {isa = PBXFileReference; lastKnownFileType = sourcecode.c.h; path = AppDelegate.h; sourceTree = "<group>"; };
		EDFAC75724B2AA7E005C8426 /* AppDelegate.m */ = {isa = PBXFileReference; lastKnownFileType = sourcecode.c.objc; path = AppDelegate.m; sourceTree = "<group>"; };
		EDFAC75924B2AA7E005C8426 /* SceneDelegate.h */ = {isa = PBXFileReference; lastKnownFileType = sourcecode.c.h; path = SceneDelegate.h; sourceTree = "<group>"; };
		EDFAC75A24B2AA7E005C8426 /* SceneDelegate.m */ = {isa = PBXFileReference; lastKnownFileType = sourcecode.c.objc; path = SceneDelegate.m; sourceTree = "<group>"; };
		EDFAC75C24B2AA7E005C8426 /* ViewController.h */ = {isa = PBXFileReference; lastKnownFileType = sourcecode.c.h; path = ViewController.h; sourceTree = "<group>"; };
		EDFAC75D24B2AA7E005C8426 /* ViewController.m */ = {isa = PBXFileReference; lastKnownFileType = sourcecode.c.objc; path = ViewController.m; sourceTree = "<group>"; };
		EDFAC76024B2AA7E005C8426 /* Base */ = {isa = PBXFileReference; lastKnownFileType = file.storyboard; name = Base; path = Base.lproj/Main.storyboard; sourceTree = "<group>"; };
		EDFAC76224B2AA7F005C8426 /* Assets.xcassets */ = {isa = PBXFileReference; lastKnownFileType = folder.assetcatalog; path = Assets.xcassets; sourceTree = "<group>"; };
		EDFAC76524B2AA7F005C8426 /* Base */ = {isa = PBXFileReference; lastKnownFileType = file.storyboard; name = Base; path = Base.lproj/LaunchScreen.storyboard; sourceTree = "<group>"; };
		EDFAC76724B2AA7F005C8426 /* Info.plist */ = {isa = PBXFileReference; lastKnownFileType = text.plist.xml; path = Info.plist; sourceTree = "<group>"; };
		EDFAC76824B2AA7F005C8426 /* main.m */ = {isa = PBXFileReference; lastKnownFileType = sourcecode.c.objc; path = main.m; sourceTree = "<group>"; };
		EDFAC77024B2AADB005C8426 /* WebKit.framework */ = {isa = PBXFileReference; lastKnownFileType = wrapper.framework; name = WebKit.framework; path = System/Library/Frameworks/WebKit.framework; sourceTree = SDKROOT; };
		EDFAC7A824B306FB005C8426 /* DocumentBrowserViewController.h */ = {isa = PBXFileReference; fileEncoding = 4; lastKnownFileType = sourcecode.c.h; path = DocumentBrowserViewController.h; sourceTree = "<group>"; };
		EDFAC7A924B306FB005C8426 /* Document.h */ = {isa = PBXFileReference; fileEncoding = 4; lastKnownFileType = sourcecode.c.h; path = Document.h; sourceTree = "<group>"; };
		EDFAC7AA24B306FB005C8426 /* Document.m */ = {isa = PBXFileReference; fileEncoding = 4; lastKnownFileType = sourcecode.c.objc; path = Document.m; sourceTree = "<group>"; };
		EDFAC7AB24B306FB005C8426 /* DocumentBrowserViewController.m */ = {isa = PBXFileReference; fileEncoding = 4; lastKnownFileType = sourcecode.c.objc; path = DocumentBrowserViewController.m; sourceTree = "<group>"; };
/* End PBXFileReference section */

/* Begin PBXFrameworksBuildPhase section */
		EDFAC75024B2AA7E005C8426 /* Frameworks */ = {
			isa = PBXFrameworksBuildPhase;
			buildActionMask = 2147483647;
			files = (
				EDFAC77124B2AADB005C8426 /* WebKit.framework in Frameworks */,
				ED3F815324B58F2E003DAE8E /* libcryptopp.a in Frameworks */,
				ED3F815224B58F23003DAE8E /* libIos.a in Frameworks */,
				ED3F815424B58F35003DAE8E /* libc++.1.dylib in Frameworks */,
				ED3F816324B5B802003DAE8E /* libmVaccine.a in Frameworks */,
				D3619D3F1EF587AA02418D91 /* Pods_NHFire.framework in Frameworks */,
			);
			runOnlyForDeploymentPostprocessing = 0;
		};
/* End PBXFrameworksBuildPhase section */

/* Begin PBXGroup section */
		1D968BC9DD1E2085D1A6E263 /* Pods */ = {
			isa = PBXGroup;
			children = (
				90ACDAE9862B22D496070E87 /* Pods-NHFire.debug.xcconfig */,
				108337F9AC3AAF17C4C7D7A4 /* Pods-NHFire.release.xcconfig */,
			);
			path = Pods;
			sourceTree = "<group>";
		};
		EDFAC74A24B2AA7E005C8426 = {
			isa = PBXGroup;
			children = (
				EDFAC75524B2AA7E005C8426 /* NHFire */,
				EDFAC75424B2AA7E005C8426 /* Products */,
				EDFAC76F24B2AADB005C8426 /* Frameworks */,
				1D968BC9DD1E2085D1A6E263 /* Pods */,
			);
			sourceTree = "<group>";
		};
		EDFAC75424B2AA7E005C8426 /* Products */ = {
			isa = PBXGroup;
			children = (
				EDFAC75324B2AA7E005C8426 /* NHFireFcm.app */,
			);
			name = Products;
			sourceTree = "<group>";
		};
		EDFAC75524B2AA7E005C8426 /* NHFire */ = {
			isa = PBXGroup;
			children = (
				EDB52CD024B6FD2800871B73 /* AlertListViewController.h */,
				EDB52CD124B6FD2800871B73 /* AlertListViewController.m */,
				EDB52CA624B6ADE700871B73 /* GoogleService-Info.plist */,
				EDB52CA524B6ADB000871B73 /* NHFire.entitlements */,
				ED3F816024B5B796003DAE8E /* mVaccine */,
				ED3F815E24B5B78E003DAE8E /* iRukey */,
				EDFAC7A924B306FB005C8426 /* Document.h */,
				EDFAC7AA24B306FB005C8426 /* Document.m */,
				EDFAC7A824B306FB005C8426 /* DocumentBrowserViewController.h */,
				EDFAC7AB24B306FB005C8426 /* DocumentBrowserViewController.m */,
				EDFAC75624B2AA7E005C8426 /* AppDelegate.h */,
				EDFAC75724B2AA7E005C8426 /* AppDelegate.m */,
				EDFAC75924B2AA7E005C8426 /* SceneDelegate.h */,
				EDFAC75A24B2AA7E005C8426 /* SceneDelegate.m */,
				EDFAC75C24B2AA7E005C8426 /* ViewController.h */,
				EDFAC75D24B2AA7E005C8426 /* ViewController.m */,
				EDFAC75F24B2AA7E005C8426 /* Main.storyboard */,
				EDFAC76224B2AA7F005C8426 /* Assets.xcassets */,
				EDFAC76424B2AA7F005C8426 /* LaunchScreen.storyboard */,
				EDFAC76724B2AA7F005C8426 /* Info.plist */,
				EDFAC76824B2AA7F005C8426 /* main.m */,
			);
			path = NHFire;
			sourceTree = "<group>";
		};
		EDFAC76F24B2AADB005C8426 /* Frameworks */ = {
			isa = PBXGroup;
			children = (
				ED3F816224B5B7F4003DAE8E /* libmVaccine.a */,
				ED3F815024B58F1A003DAE8E /* libc++.1.dylib */,
				ED3F814F24B58F1A003DAE8E /* libcryptopp.a */,
				ED3F815124B58F1A003DAE8E /* libIos.a */,
				EDFAC77024B2AADB005C8426 /* WebKit.framework */,
				E6EFACCE99229E7D37C5D027 /* Pods_NHFire.framework */,
			);
			name = Frameworks;
			sourceTree = "<group>";
		};
/* End PBXGroup section */

/* Begin PBXNativeTarget section */
		EDFAC75224B2AA7E005C8426 /* NHFire */ = {
			isa = PBXNativeTarget;
			buildConfigurationList = EDFAC76C24B2AA7F005C8426 /* Build configuration list for PBXNativeTarget "NHFire" */;
			buildPhases = (
				CFAC44CF4E53D953FE5255D9 /* [CP] Check Pods Manifest.lock */,
				EDFAC74F24B2AA7E005C8426 /* Sources */,
				EDFAC75024B2AA7E005C8426 /* Frameworks */,
				EDFAC75124B2AA7E005C8426 /* Resources */,
				ED3F815624B58F35003DAE8E /* Embed Libraries */,
				C518C24A9AEF9BC3B8DBDC96 /* [CP] Embed Pods Frameworks */,
			);
			buildRules = (
			);
			dependencies = (
			);
			name = NHFire;
			productName = NHFire;
			productReference = EDFAC75324B2AA7E005C8426 /* NHFireFcm.app */;
			productType = "com.apple.product-type.application";
		};
/* End PBXNativeTarget section */

/* Begin PBXProject section */
		EDFAC74B24B2AA7E005C8426 /* Project object */ = {
			isa = PBXProject;
			attributes = {
				LastUpgradeCheck = 1150;
				ORGANIZATIONNAME = NH;
				TargetAttributes = {
					EDFAC75224B2AA7E005C8426 = {
						CreatedOnToolsVersion = 11.5;
					};
				};
			};
			buildConfigurationList = EDFAC74E24B2AA7E005C8426 /* Build configuration list for PBXProject "NHFire" */;
			compatibilityVersion = "Xcode 9.3";
			developmentRegion = en;
			hasScannedForEncodings = 0;
			knownRegions = (
				en,
				Base,
			);
			mainGroup = EDFAC74A24B2AA7E005C8426;
			productRefGroup = EDFAC75424B2AA7E005C8426 /* Products */;
			projectDirPath = "";
			projectRoot = "";
			targets = (
				EDFAC75224B2AA7E005C8426 /* NHFire */,
			);
		};
/* End PBXProject section */

/* Begin PBXResourcesBuildPhase section */
		EDFAC75124B2AA7E005C8426 /* Resources */ = {
			isa = PBXResourcesBuildPhase;
			buildActionMask = 2147483647;
			files = (
				EDFAC76624B2AA7F005C8426 /* LaunchScreen.storyboard in Resources */,
				EDFAC76324B2AA7F005C8426 /* Assets.xcassets in Resources */,
				EDFAC76124B2AA7E005C8426 /* Main.storyboard in Resources */,
				ED3F815F24B5B78E003DAE8E /* iRukey in Resources */,
				ED3F816124B5B796003DAE8E /* mVaccine in Resources */,
				EDB52CA724B6ADE700871B73 /* GoogleService-Info.plist in Resources */,
			);
			runOnlyForDeploymentPostprocessing = 0;
		};
/* End PBXResourcesBuildPhase section */

/* Begin PBXShellScriptBuildPhase section */
		C518C24A9AEF9BC3B8DBDC96 /* [CP] Embed Pods Frameworks */ = {
			isa = PBXShellScriptBuildPhase;
			buildActionMask = 2147483647;
			files = (
			);
			inputFileListPaths = (
				"${PODS_ROOT}/Target Support Files/Pods-NHFire/Pods-NHFire-frameworks-${CONFIGURATION}-input-files.xcfilelist",
			);
			name = "[CP] Embed Pods Frameworks";
			outputFileListPaths = (
				"${PODS_ROOT}/Target Support Files/Pods-NHFire/Pods-NHFire-frameworks-${CONFIGURATION}-output-files.xcfilelist",
			);
			runOnlyForDeploymentPostprocessing = 0;
			shellPath = /bin/sh;
			shellScript = "\"${PODS_ROOT}/Target Support Files/Pods-NHFire/Pods-NHFire-frameworks.sh\"\n";
			showEnvVarsInLog = 0;
		};
		CFAC44CF4E53D953FE5255D9 /* [CP] Check Pods Manifest.lock */ = {
			isa = PBXShellScriptBuildPhase;
			buildActionMask = 2147483647;
			files = (
			);
			inputFileListPaths = (
			);
			inputPaths = (
				"${PODS_PODFILE_DIR_PATH}/Podfile.lock",
				"${PODS_ROOT}/Manifest.lock",
			);
			name = "[CP] Check Pods Manifest.lock";
			outputFileListPaths = (
			);
			outputPaths = (
				"$(DERIVED_FILE_DIR)/Pods-NHFire-checkManifestLockResult.txt",
			);
			runOnlyForDeploymentPostprocessing = 0;
			shellPath = /bin/sh;
			shellScript = "diff \"${PODS_PODFILE_DIR_PATH}/Podfile.lock\" \"${PODS_ROOT}/Manifest.lock\" > /dev/null\nif [ $? != 0 ] ; then\n    # print error to STDERR\n    echo \"error: The sandbox is not in sync with the Podfile.lock. Run 'pod install' or update your CocoaPods installation.\" >&2\n    exit 1\nfi\n# This output is used by Xcode 'outputs' to avoid re-running this script phase.\necho \"SUCCESS\" > \"${SCRIPT_OUTPUT_FILE_0}\"\n";
			showEnvVarsInLog = 0;
		};
/* End PBXShellScriptBuildPhase section */

/* Begin PBXSourcesBuildPhase section */
		EDFAC74F24B2AA7E005C8426 /* Sources */ = {
			isa = PBXSourcesBuildPhase;
			buildActionMask = 2147483647;
			files = (
				EDFAC7AC24B306FB005C8426 /* Document.m in Sources */,
				EDB52CD224B6FD2900871B73 /* AlertListViewController.m in Sources */,
				EDFAC75E24B2AA7E005C8426 /* ViewController.m in Sources */,
				EDFAC7AD24B306FB005C8426 /* DocumentBrowserViewController.m in Sources */,
				EDFAC75824B2AA7E005C8426 /* AppDelegate.m in Sources */,
				EDFAC76924B2AA7F005C8426 /* main.m in Sources */,
				EDFAC75B24B2AA7E005C8426 /* SceneDelegate.m in Sources */,
			);
			runOnlyForDeploymentPostprocessing = 0;
		};
/* End PBXSourcesBuildPhase section */

/* Begin PBXVariantGroup section */
		EDFAC75F24B2AA7E005C8426 /* Main.storyboard */ = {
			isa = PBXVariantGroup;
			children = (
				EDFAC76024B2AA7E005C8426 /* Base */,
			);
			name = Main.storyboard;
			sourceTree = "<group>";
		};
		EDFAC76424B2AA7F005C8426 /* LaunchScreen.storyboard */ = {
			isa = PBXVariantGroup;
			children = (
				EDFAC76524B2AA7F005C8426 /* Base */,
			);
			name = LaunchScreen.storyboard;
			sourceTree = "<group>";
		};
/* End PBXVariantGroup section */

/* Begin XCBuildConfiguration section */
		EDFAC76A24B2AA7F005C8426 /* Debug */ = {
			isa = XCBuildConfiguration;
			buildSettings = {
				ALWAYS_SEARCH_USER_PATHS = NO;
				CLANG_ANALYZER_NONNULL = YES;
				CLANG_ANALYZER_NUMBER_OBJECT_CONVERSION = YES_AGGRESSIVE;
				CLANG_CXX_LANGUAGE_STANDARD = "gnu++14";
				CLANG_CXX_LIBRARY = "libc++";
				CLANG_ENABLE_MODULES = YES;
				CLANG_ENABLE_OBJC_ARC = YES;
				CLANG_ENABLE_OBJC_WEAK = YES;
				CLANG_WARN_BLOCK_CAPTURE_AUTORELEASING = YES;
				CLANG_WARN_BOOL_CONVERSION = YES;
				CLANG_WARN_COMMA = YES;
				CLANG_WARN_CONSTANT_CONVERSION = YES;
				CLANG_WARN_DEPRECATED_OBJC_IMPLEMENTATIONS = YES;
				CLANG_WARN_DIRECT_OBJC_ISA_USAGE = YES_ERROR;
				CLANG_WARN_DOCUMENTATION_COMMENTS = YES;
				CLANG_WARN_EMPTY_BODY = YES;
				CLANG_WARN_ENUM_CONVERSION = YES;
				CLANG_WARN_INFINITE_RECURSION = YES;
				CLANG_WARN_INT_CONVERSION = YES;
				CLANG_WARN_NON_LITERAL_NULL_CONVERSION = YES;
				CLANG_WARN_OBJC_IMPLICIT_RETAIN_SELF = YES;
				CLANG_WARN_OBJC_LITERAL_CONVERSION = YES;
				CLANG_WARN_OBJC_ROOT_CLASS = YES_ERROR;
				CLANG_WARN_RANGE_LOOP_ANALYSIS = YES;
				CLANG_WARN_STRICT_PROTOTYPES = YES;
				CLANG_WARN_SUSPICIOUS_MOVE = YES;
				CLANG_WARN_UNGUARDED_AVAILABILITY = YES_AGGRESSIVE;
				CLANG_WARN_UNREACHABLE_CODE = YES;
				CLANG_WARN__DUPLICATE_METHOD_MATCH = YES;
				COPY_PHASE_STRIP = NO;
				DEBUG_INFORMATION_FORMAT = dwarf;
				ENABLE_STRICT_OBJC_MSGSEND = YES;
				ENABLE_TESTABILITY = YES;
				GCC_C_LANGUAGE_STANDARD = gnu11;
				GCC_DYNAMIC_NO_PIC = NO;
				GCC_NO_COMMON_BLOCKS = YES;
				GCC_OPTIMIZATION_LEVEL = 0;
				GCC_PREPROCESSOR_DEFINITIONS = (
					"DEBUG=1",
					"$(inherited)",
				);
				GCC_WARN_64_TO_32_BIT_CONVERSION = YES;
				GCC_WARN_ABOUT_RETURN_TYPE = YES_ERROR;
				GCC_WARN_UNDECLARED_SELECTOR = YES;
				GCC_WARN_UNINITIALIZED_AUTOS = YES_AGGRESSIVE;
				GCC_WARN_UNUSED_FUNCTION = YES;
				GCC_WARN_UNUSED_VARIABLE = YES;
				IPHONEOS_DEPLOYMENT_TARGET = 10.1;
				MTL_ENABLE_DEBUG_INFO = INCLUDE_SOURCE;
				MTL_FAST_MATH = YES;
				ONLY_ACTIVE_ARCH = YES;
				SDKROOT = iphoneos;
				VALID_ARCHS = "arm64e armv7 armv7s armv6 armv6s arm64";
			};
			name = Debug;
		};
		EDFAC76B24B2AA7F005C8426 /* Release */ = {
			isa = XCBuildConfiguration;
			buildSettings = {
				ALWAYS_SEARCH_USER_PATHS = NO;
				CLANG_ANALYZER_NONNULL = YES;
				CLANG_ANALYZER_NUMBER_OBJECT_CONVERSION = YES_AGGRESSIVE;
				CLANG_CXX_LANGUAGE_STANDARD = "gnu++14";
				CLANG_CXX_LIBRARY = "libc++";
				CLANG_ENABLE_MODULES = YES;
				CLANG_ENABLE_OBJC_ARC = YES;
				CLANG_ENABLE_OBJC_WEAK = YES;
				CLANG_WARN_BLOCK_CAPTURE_AUTORELEASING = YES;
				CLANG_WARN_BOOL_CONVERSION = YES;
				CLANG_WARN_COMMA = YES;
				CLANG_WARN_CONSTANT_CONVERSION = YES;
				CLANG_WARN_DEPRECATED_OBJC_IMPLEMENTATIONS = YES;
				CLANG_WARN_DIRECT_OBJC_ISA_USAGE = YES_ERROR;
				CLANG_WARN_DOCUMENTATION_COMMENTS = YES;
				CLANG_WARN_EMPTY_BODY = YES;
				CLANG_WARN_ENUM_CONVERSION = YES;
				CLANG_WARN_INFINITE_RECURSION = YES;
				CLANG_WARN_INT_CONVERSION = YES;
				CLANG_WARN_NON_LITERAL_NULL_CONVERSION = YES;
				CLANG_WARN_OBJC_IMPLICIT_RETAIN_SELF = YES;
				CLANG_WARN_OBJC_LITERAL_CONVERSION = YES;
				CLANG_WARN_OBJC_ROOT_CLASS = YES_ERROR;
				CLANG_WARN_RANGE_LOOP_ANALYSIS = YES;
				CLANG_WARN_STRICT_PROTOTYPES = YES;
				CLANG_WARN_SUSPICIOUS_MOVE = YES;
				CLANG_WARN_UNGUARDED_AVAILABILITY = YES_AGGRESSIVE;
				CLANG_WARN_UNREACHABLE_CODE = YES;
				CLANG_WARN__DUPLICATE_METHOD_MATCH = YES;
				COPY_PHASE_STRIP = NO;
				DEBUG_INFORMATION_FORMAT = "dwarf-with-dsym";
				ENABLE_NS_ASSERTIONS = NO;
				ENABLE_STRICT_OBJC_MSGSEND = YES;
				GCC_C_LANGUAGE_STANDARD = gnu11;
				GCC_NO_COMMON_BLOCKS = YES;
				GCC_WARN_64_TO_32_BIT_CONVERSION = YES;
				GCC_WARN_ABOUT_RETURN_TYPE = YES_ERROR;
				GCC_WARN_UNDECLARED_SELECTOR = YES;
				GCC_WARN_UNINITIALIZED_AUTOS = YES_AGGRESSIVE;
				GCC_WARN_UNUSED_FUNCTION = YES;
				GCC_WARN_UNUSED_VARIABLE = YES;
				IPHONEOS_DEPLOYMENT_TARGET = 10.1;
				MTL_ENABLE_DEBUG_INFO = NO;
				MTL_FAST_MATH = YES;
				SDKROOT = iphoneos;
				VALIDATE_PRODUCT = YES;
				VALID_ARCHS = "arm64e armv7 armv7s armv6 armv6s arm64";
			};
			name = Release;
		};
		EDFAC76D24B2AA7F005C8426 /* Debug */ = {
			isa = XCBuildConfiguration;
			baseConfigurationReference = 90ACDAE9862B22D496070E87 /* Pods-NHFire.debug.xcconfig */;
			buildSettings = {
				ASSETCATALOG_COMPILER_APPICON_NAME = AppIcon;
				CODE_SIGN_ENTITLEMENTS = NHFire/NHFire.entitlements;
				CODE_SIGN_STYLE = Automatic;
				DEVELOPMENT_TEAM = 6T2A2N3GJ8;
				ENABLE_BITCODE = NO;
				INFOPLIST_FILE = NHFire/Info.plist;
				IPHONEOS_DEPLOYMENT_TARGET = 13.0;
				LD_RUNPATH_SEARCH_PATHS = (
					"$(inherited)",
					"@executable_path/Frameworks",
				);
				LIBRARY_SEARCH_PATHS = (
					"$(inherited)",
					"$(PROJECT_DIR)/NHFire/iRukey",
					"$(PROJECT_DIR)/reference",
				);
				PRODUCT_BUNDLE_IDENTIFIER = com.nonghyup.nhfire.push.demo;
				PRODUCT_NAME = NHFireFcm;
				TARGETED_DEVICE_FAMILY = 1;
				VALID_ARCHS = "armv7 armv7s arm64e armv6 armv6s arm64";
			};
			name = Debug;
		};
		EDFAC76E24B2AA7F005C8426 /* Release */ = {
			isa = XCBuildConfiguration;
			baseConfigurationReference = 108337F9AC3AAF17C4C7D7A4 /* Pods-NHFire.release.xcconfig */;
			buildSettings = {
				ASSETCATALOG_COMPILER_APPICON_NAME = AppIcon;
				CODE_SIGN_ENTITLEMENTS = NHFire/NHFire.entitlements;
				CODE_SIGN_STYLE = Automatic;
				DEVELOPMENT_TEAM = 6T2A2N3GJ8;
				ENABLE_BITCODE = NO;
				INFOPLIST_FILE = NHFire/Info.plist;
				IPHONEOS_DEPLOYMENT_TARGET = 13.0;
				LD_RUNPATH_SEARCH_PATHS = (
					"$(inherited)",
					"@executable_path/Frameworks",
				);
				LIBRARY_SEARCH_PATHS = (
					"$(inherited)",
					"$(PROJECT_DIR)/NHFire/iRukey",
					"$(PROJECT_DIR)/reference",
				);
				PRODUCT_BUNDLE_IDENTIFIER = com.nonghyup.nhfire.push.demo;
				PRODUCT_NAME = NHFireFcm;
				TARGETED_DEVICE_FAMILY = 1;
				VALID_ARCHS = "armv7 armv7s arm64e armv6 armv6s arm64";
			};
			name = Release;
		};
/* End XCBuildConfiguration section */

/* Begin XCConfigurationList section */
		EDFAC74E24B2AA7E005C8426 /* Build configuration list for PBXProject "NHFire" */ = {
			isa = XCConfigurationList;
			buildConfigurations = (
				EDFAC76A24B2AA7F005C8426 /* Debug */,
				EDFAC76B24B2AA7F005C8426 /* Release */,
			);
			defaultConfigurationIsVisible = 0;
			defaultConfigurationName = Release;
		};
		EDFAC76C24B2AA7F005C8426 /* Build configuration list for PBXNativeTarget "NHFire" */ = {
			isa = XCConfigurationList;
			buildConfigurations = (
				EDFAC76D24B2AA7F005C8426 /* Debug */,
				EDFAC76E24B2AA7F005C8426 /* Release */,
			);
			defaultConfigurationIsVisible = 0;
			defaultConfigurationName = Release;
		};
/* End XCConfigurationList section */
	};
	rootObject = EDFAC74B24B2AA7E005C8426 /* Project object */;
}
